
Microsoft Visual Studio Solution File, Format Version 12.00
# Visual Studio Version 17
VisualStudioVersion = 17.4.33110.190
MinimumVisualStudioVersion = 10.0.40219.1
Project("{FAE04EC0-301F-11D3-BF4B-00C04F79EFBC}") = "MoneyMoney", "MoneyMoney\MoneyMoney.csproj", "{FCD0177A-9A8C-4978-80E9-E62D00204116}"
EndProject
Global
	GlobalSection(SolutionConfigurationPlatforms) = preSolution
		Debug|Any CPU = Debug|Any CPU
		Release|Any CPU = Release|Any CPU
	EndGlobalSection
	GlobalSection(ProjectConfigurationPlatforms) = postSolution
		{FCD0177A-9A8C-4978-80E9-E62D00204116}.Debug|Any CPU.ActiveCfg = Debug|Any CPU
		{FCD0177A-9A8C-4978-80E9-E62D00204116}.Debug|Any CPU.Build.0 = Debug|Any CPU
		{FCD0177A-9A8C-4978-80E9-E62D00204116}.Release|Any CPU.ActiveCfg = Release|Any CPU
		{FCD0177A-9A8C-4978-80E9-E62D00204116}.Release|Any CPU.Build.0 = Release|Any CPU
	EndGlobalSection
	GlobalSection(SolutionProperties) = preSolution
		HideSolutionNode = FALSE
	EndGlobalSection
	GlobalSection(ExtensibilityGlobals) = postSolution
		SolutionGuid = {BAF56BBD-DA89-468B-A69D-010271D1DDA5}
	EndGlobalSection
EndGlobal
